NeoBundleLock echodoc ef0a0cbe6c4cdb60eb2a1cbcee5bde11ce2c6dce
NeoBundleLock jedi-vim 59c98d61cfc3235019c9d196cdc7adecfcbd10c0
NeoBundleLock neobundle.vim 0c31437b58831efa20a9623e78be25a90df8c8c8
NeoBundleLock neocomplete 1370262189a4a70a91b09a528df9b734135cd7e6
NeoBundleLock neocomplete.vim 1370262189a4a70a91b09a528df9b734135cd7e6
NeoBundleLock unite.vim 2126a2203ed1678c4904fa8dc06622b46c3503eb
NeoBundleLock vim-template 24687c1a59cb2828be4aec21ec75103d22a1c71e
NeoBundleLock vim-vcs d46b5886263b3cd91c6269c8191a102e9a35e4a0
NeoBundleLock vimfiler 51ed6a55d5efd1dde20f1fae03914ed0b417756a
NeoBundleLock vimproc 0f68bcd93399ecbcde3eaa4efd09107314c9bdee
NeoBundleLock vimshell 1808542b5d0758d13ea97e0f4c25121859699db4
NeoBundleLock vinarise 45a18a2a242e930bd44d8b523ed67ded8fc740fb
